
Microsoft Visual Studio Solution File, Format Version 12.00
Project("{FAE04EC0-301F-11D3-BF4B-00C04F79EFBC}") = "csharp-design-patterns", "csharp-design-patterns\csharp-design-patterns.csproj", "{E4A3865B-4269-4A25-9188-AD1675C8C957}"
EndProject
Project("{FAE04EC0-301F-11D3-BF4B-00C04F79EFBC}") = "abstract-document", "abstract-document\abstract-document.csproj", "{1614AEDF-CFAC-493E-850F-E9F1CE079B86}"
EndProject
Project("{FAE04EC0-301F-11D3-BF4B-00C04F79EFBC}") = "abstract-factory", "abstract-factory\abstract-factory.csproj", "{D69C1FEF-CEB5-4FF9-A0DE-C5946B88F008}"
EndProject
Project("{FAE04EC0-301F-11D3-BF4B-00C04F79EFBC}") = "acyclic-visitor", "acyclic-visitor\acyclic-visitor.csproj", "{4A170DCF-B1D8-4D9E-81D2-9B6EBD65B4D4}"
EndProject
Project("{FAE04EC0-301F-11D3-BF4B-00C04F79EFBC}") = "adapter", "adapter\adapter.csproj", "{A7A1051D-8BBB-4FB7-AD8F-7DA18AA17442}"
EndProject
Project("{2150E333-8FDC-42A3-9474-1A3956D46DE8}") = "aggregator-microservices", "aggregator-microservices", "{9454A304-5DC2-4F3E-B4CC-AC2EEAAE0DD6}"
EndProject
Project("{FAE04EC0-301F-11D3-BF4B-00C04F79EFBC}") = "aggregator-service", "aggregator-microservices\aggregator-service\aggregator-service.csproj", "{C52776F1-DAE5-4DEF-9708-0AF98A2A3A86}"
EndProject
Project("{FAE04EC0-301F-11D3-BF4B-00C04F79EFBC}") = "information-microservice", "aggregator-microservices\information-microservice\information-microservice.csproj", "{2D6EC436-EBC0-43DB-B521-FBAD9A21538D}"
EndProject
Project("{FAE04EC0-301F-11D3-BF4B-00C04F79EFBC}") = "inventory-microservice", "aggregator-microservices\inventory-microservice\inventory-microservice.csproj", "{E3B217CB-59C0-4289-A302-D633615613B3}"
EndProject
Project("{FAE04EC0-301F-11D3-BF4B-00C04F79EFBC}") = "aggregator-service-test", "aggregator-microservices\aggregator-service-test\aggregator-service-test.csproj", "{BF383033-5AF4-42BD-9458-16ED7D0116BE}"
EndProject
Project("{FAE04EC0-301F-11D3-BF4B-00C04F79EFBC}") = "information-microservice-test", "aggregator-microservices\information-microservice-test\information-microservice-test.csproj", "{B9A00159-A2DB-4FC2-9679-4C67FE2E593D}"
EndProject
Project("{FAE04EC0-301F-11D3-BF4B-00C04F79EFBC}") = "inventory-microservice-test", "aggregator-microservices\inventory-microservice-test\inventory-microservice-test.csproj", "{DB56DB77-F866-4981-9FF0-7F70131D52EC}"
EndProject
Project("{FAE04EC0-301F-11D3-BF4B-00C04F79EFBC}") = "aggregator-microservices", "aggregator-microservices\aggregator-microservices.csproj", "{85FF2441-EF65-4817-AD27-CEAC3136C428}"
EndProject
Global
	GlobalSection(SolutionConfigurationPlatforms) = preSolution
		Debug|Any CPU = Debug|Any CPU
		Release|Any CPU = Release|Any CPU
	EndGlobalSection
	GlobalSection(ProjectConfigurationPlatforms) = postSolution
		{E4A3865B-4269-4A25-9188-AD1675C8C957}.Debug|Any CPU.ActiveCfg = Debug|Any CPU
		{E4A3865B-4269-4A25-9188-AD1675C8C957}.Debug|Any CPU.Build.0 = Debug|Any CPU
		{E4A3865B-4269-4A25-9188-AD1675C8C957}.Release|Any CPU.ActiveCfg = Release|Any CPU
		{E4A3865B-4269-4A25-9188-AD1675C8C957}.Release|Any CPU.Build.0 = Release|Any CPU
		{1614AEDF-CFAC-493E-850F-E9F1CE079B86}.Debug|Any CPU.ActiveCfg = Debug|Any CPU
		{1614AEDF-CFAC-493E-850F-E9F1CE079B86}.Debug|Any CPU.Build.0 = Debug|Any CPU
		{1614AEDF-CFAC-493E-850F-E9F1CE079B86}.Release|Any CPU.ActiveCfg = Release|Any CPU
		{1614AEDF-CFAC-493E-850F-E9F1CE079B86}.Release|Any CPU.Build.0 = Release|Any CPU
		{D69C1FEF-CEB5-4FF9-A0DE-C5946B88F008}.Debug|Any CPU.ActiveCfg = Debug|Any CPU
		{D69C1FEF-CEB5-4FF9-A0DE-C5946B88F008}.Debug|Any CPU.Build.0 = Debug|Any CPU
		{D69C1FEF-CEB5-4FF9-A0DE-C5946B88F008}.Release|Any CPU.ActiveCfg = Release|Any CPU
		{D69C1FEF-CEB5-4FF9-A0DE-C5946B88F008}.Release|Any CPU.Build.0 = Release|Any CPU
		{4A170DCF-B1D8-4D9E-81D2-9B6EBD65B4D4}.Debug|Any CPU.ActiveCfg = Debug|Any CPU
		{4A170DCF-B1D8-4D9E-81D2-9B6EBD65B4D4}.Debug|Any CPU.Build.0 = Debug|Any CPU
		{4A170DCF-B1D8-4D9E-81D2-9B6EBD65B4D4}.Release|Any CPU.ActiveCfg = Release|Any CPU
		{4A170DCF-B1D8-4D9E-81D2-9B6EBD65B4D4}.Release|Any CPU.Build.0 = Release|Any CPU
		{A7A1051D-8BBB-4FB7-AD8F-7DA18AA17442}.Debug|Any CPU.ActiveCfg = Debug|Any CPU
		{A7A1051D-8BBB-4FB7-AD8F-7DA18AA17442}.Debug|Any CPU.Build.0 = Debug|Any CPU
		{A7A1051D-8BBB-4FB7-AD8F-7DA18AA17442}.Release|Any CPU.ActiveCfg = Release|Any CPU
		{A7A1051D-8BBB-4FB7-AD8F-7DA18AA17442}.Release|Any CPU.Build.0 = Release|Any CPU
		{C52776F1-DAE5-4DEF-9708-0AF98A2A3A86}.Debug|Any CPU.ActiveCfg = Debug|Any CPU
		{C52776F1-DAE5-4DEF-9708-0AF98A2A3A86}.Debug|Any CPU.Build.0 = Debug|Any CPU
		{C52776F1-DAE5-4DEF-9708-0AF98A2A3A86}.Release|Any CPU.ActiveCfg = Release|Any CPU
		{C52776F1-DAE5-4DEF-9708-0AF98A2A3A86}.Release|Any CPU.Build.0 = Release|Any CPU
		{2D6EC436-EBC0-43DB-B521-FBAD9A21538D}.Debug|Any CPU.ActiveCfg = Debug|Any CPU
		{2D6EC436-EBC0-43DB-B521-FBAD9A21538D}.Debug|Any CPU.Build.0 = Debug|Any CPU
		{2D6EC436-EBC0-43DB-B521-FBAD9A21538D}.Release|Any CPU.ActiveCfg = Release|Any CPU
		{2D6EC436-EBC0-43DB-B521-FBAD9A21538D}.Release|Any CPU.Build.0 = Release|Any CPU
		{E3B217CB-59C0-4289-A302-D633615613B3}.Debug|Any CPU.ActiveCfg = Debug|Any CPU
		{E3B217CB-59C0-4289-A302-D633615613B3}.Debug|Any CPU.Build.0 = Debug|Any CPU
		{E3B217CB-59C0-4289-A302-D633615613B3}.Release|Any CPU.ActiveCfg = Release|Any CPU
		{E3B217CB-59C0-4289-A302-D633615613B3}.Release|Any CPU.Build.0 = Release|Any CPU
		{BF383033-5AF4-42BD-9458-16ED7D0116BE}.Debug|Any CPU.ActiveCfg = Debug|Any CPU
		{BF383033-5AF4-42BD-9458-16ED7D0116BE}.Debug|Any CPU.Build.0 = Debug|Any CPU
		{BF383033-5AF4-42BD-9458-16ED7D0116BE}.Release|Any CPU.ActiveCfg = Release|Any CPU
		{BF383033-5AF4-42BD-9458-16ED7D0116BE}.Release|Any CPU.Build.0 = Release|Any CPU
		{B9A00159-A2DB-4FC2-9679-4C67FE2E593D}.Debug|Any CPU.ActiveCfg = Debug|Any CPU
		{B9A00159-A2DB-4FC2-9679-4C67FE2E593D}.Debug|Any CPU.Build.0 = Debug|Any CPU
		{B9A00159-A2DB-4FC2-9679-4C67FE2E593D}.Release|Any CPU.ActiveCfg = Release|Any CPU
		{B9A00159-A2DB-4FC2-9679-4C67FE2E593D}.Release|Any CPU.Build.0 = Release|Any CPU
		{DB56DB77-F866-4981-9FF0-7F70131D52EC}.Debug|Any CPU.ActiveCfg = Debug|Any CPU
		{DB56DB77-F866-4981-9FF0-7F70131D52EC}.Debug|Any CPU.Build.0 = Debug|Any CPU
		{DB56DB77-F866-4981-9FF0-7F70131D52EC}.Release|Any CPU.ActiveCfg = Release|Any CPU
		{DB56DB77-F866-4981-9FF0-7F70131D52EC}.Release|Any CPU.Build.0 = Release|Any CPU
		{85FF2441-EF65-4817-AD27-CEAC3136C428}.Debug|Any CPU.ActiveCfg = Debug|Any CPU
		{85FF2441-EF65-4817-AD27-CEAC3136C428}.Debug|Any CPU.Build.0 = Debug|Any CPU
		{85FF2441-EF65-4817-AD27-CEAC3136C428}.Release|Any CPU.ActiveCfg = Release|Any CPU
		{85FF2441-EF65-4817-AD27-CEAC3136C428}.Release|Any CPU.Build.0 = Release|Any CPU
	EndGlobalSection
	GlobalSection(NestedProjects) = preSolution
		{C52776F1-DAE5-4DEF-9708-0AF98A2A3A86} = {9454A304-5DC2-4F3E-B4CC-AC2EEAAE0DD6}
		{2D6EC436-EBC0-43DB-B521-FBAD9A21538D} = {9454A304-5DC2-4F3E-B4CC-AC2EEAAE0DD6}
		{E3B217CB-59C0-4289-A302-D633615613B3} = {9454A304-5DC2-4F3E-B4CC-AC2EEAAE0DD6}
		{BF383033-5AF4-42BD-9458-16ED7D0116BE} = {9454A304-5DC2-4F3E-B4CC-AC2EEAAE0DD6}
		{B9A00159-A2DB-4FC2-9679-4C67FE2E593D} = {9454A304-5DC2-4F3E-B4CC-AC2EEAAE0DD6}
		{DB56DB77-F866-4981-9FF0-7F70131D52EC} = {9454A304-5DC2-4F3E-B4CC-AC2EEAAE0DD6}
	EndGlobalSection
EndGlobal
